# This file is automatically @generated by Cargo.
# It is not intended for manual editing.
version = 3

[[package]]
name = "osrep-cli"
version = "1.0.7"
dependencies = [
 "osrep-core",
]

[[package]]
name = "osrep-conformance"
version = "1.0.7"
dependencies = [
 "osrep-core",
]

[[package]]
name = "osrep-core"
version = "1.0.7"
